// !$*UTF8*$!
{
	archiveVersion = 1;
	classes = {
	};
	objectVersion = 56;
	objects = {

/* Begin PBXBuildFile section */
		BE879E722C1B64BE007DB1CC /* AppDelegate.swift in Sources */ = {isa = PBXBuildFile; fileRef = BE879E712C1B64BE007DB1CC /* AppDelegate.swift */; };
		BE879E742C1B64BE007DB1CC /* SceneDelegate.swift in Sources */ = {isa = PBXBuildFile; fileRef = BE879E732C1B64BE007DB1CC /* SceneDelegate.swift */; };
		BE879E7B2C1B64BF007DB1CC /* Assets.xcassets in Resources */ = {isa = PBXBuildFile; fileRef = BE879E7A2C1B64BF007DB1CC /* Assets.xcassets */; };
		BE879E7E2C1B64BF007DB1CC /* Base in Resources */ = {isa = PBXBuildFile; fileRef = BE879E7D2C1B64BF007DB1CC /* Base */; };
		BE879E862C1B852B007DB1CC /* SearchVC.swift in Sources */ = {isa = PBXBuildFile; fileRef = BE879E852C1B852B007DB1CC /* SearchVC.swift */; };
		BE879E882C1B85A8007DB1CC /* FavouritesListVC.swift in Sources */ = {isa = PBXBuildFile; fileRef = BE879E872C1B85A8007DB1CC /* FavouritesListVC.swift */; };
		BE879E8A2C1BA293007DB1CC /* izButton.swift in Sources */ = {isa = PBXBuildFile; fileRef = BE879E892C1BA293007DB1CC /* izButton.swift */; };
		BE879E8C2C1BA5AF007DB1CC /* izTextField.swift in Sources */ = {isa = PBXBuildFile; fileRef = BE879E8B2C1BA5AF007DB1CC /* izTextField.swift */; };
		BE879E8E2C1CA759007DB1CC /* FollowerListVC.swift in Sources */ = {isa = PBXBuildFile; fileRef = BE879E8D2C1CA759007DB1CC /* FollowerListVC.swift */; };
		BE879E902C1CB194007DB1CC /* izTitleLabel.swift in Sources */ = {isa = PBXBuildFile; fileRef = BE879E8F2C1CB194007DB1CC /* izTitleLabel.swift */; };
		BE879E922C1CB2FD007DB1CC /* izBodyLabel.swift in Sources */ = {isa = PBXBuildFile; fileRef = BE879E912C1CB2FD007DB1CC /* izBodyLabel.swift */; };
		BE879E942C1CB3B3007DB1CC /* izAlertVC.swift in Sources */ = {isa = PBXBuildFile; fileRef = BE879E932C1CB3B3007DB1CC /* izAlertVC.swift */; };
		BE879E962C1DEA27007DB1CC /* UiViewController+Ext.swift in Sources */ = {isa = PBXBuildFile; fileRef = BE879E952C1DEA27007DB1CC /* UiViewController+Ext.swift */; };
		BE879E9C2C1DF051007DB1CC /* izAlertContainer.swift in Sources */ = {isa = PBXBuildFile; fileRef = BE879E9B2C1DF051007DB1CC /* izAlertContainer.swift */; };
		BE879E9F2C1E0614007DB1CC /* Follower.swift in Sources */ = {isa = PBXBuildFile; fileRef = BE879E9E2C1E0614007DB1CC /* Follower.swift */; };
		BE879EA12C1E074D007DB1CC /* User.swift in Sources */ = {isa = PBXBuildFile; fileRef = BE879EA02C1E074D007DB1CC /* User.swift */; };
		BE879EA42C1E0B11007DB1CC /* NetworkManager.swift in Sources */ = {isa = PBXBuildFile; fileRef = BE879EA32C1E0B11007DB1CC /* NetworkManager.swift */; };
		BE879EA72C1E3B86007DB1CC /* ErrorMessage.swift in Sources */ = {isa = PBXBuildFile; fileRef = BE879EA62C1E3B86007DB1CC /* ErrorMessage.swift */; };
		BE879F2E2C261DDE007DB1CC /* izFollowerCell.swift in Sources */ = {isa = PBXBuildFile; fileRef = BE879F2D2C261DDE007DB1CC /* izFollowerCell.swift */; };
		BE879F302C261E61007DB1CC /* izAvatarImageView.swift in Sources */ = {isa = PBXBuildFile; fileRef = BE879F2F2C261E61007DB1CC /* izAvatarImageView.swift */; };
		BE879F322C274798007DB1CC /* UIHelper.swift in Sources */ = {isa = PBXBuildFile; fileRef = BE879F312C274798007DB1CC /* UIHelper.swift */; };
/* End PBXBuildFile section */

/* Begin PBXFileReference section */
		BE879E6E2C1B64BE007DB1CC /* TakeHomePrep.app */ = {isa = PBXFileReference; explicitFileType = wrapper.application; includeInIndex = 0; path = TakeHomePrep.app; sourceTree = BUILT_PRODUCTS_DIR; };
		BE879E712C1B64BE007DB1CC /* AppDelegate.swift */ = {isa = PBXFileReference; lastKnownFileType = sourcecode.swift; path = AppDelegate.swift; sourceTree = "<group>"; };
		BE879E732C1B64BE007DB1CC /* SceneDelegate.swift */ = {isa = PBXFileReference; lastKnownFileType = sourcecode.swift; path = SceneDelegate.swift; sourceTree = "<group>"; };
		BE879E7A2C1B64BF007DB1CC /* Assets.xcassets */ = {isa = PBXFileReference; lastKnownFileType = folder.assetcatalog; path = Assets.xcassets; sourceTree = "<group>"; };
		BE879E7D2C1B64BF007DB1CC /* Base */ = {isa = PBXFileReference; lastKnownFileType = file.storyboard; name = Base; path = Base.lproj/LaunchScreen.storyboard; sourceTree = "<group>"; };
		BE879E7F2C1B64BF007DB1CC /* Info.plist */ = {isa = PBXFileReference; lastKnownFileType = text.plist.xml; path = Info.plist; sourceTree = "<group>"; };
		BE879E852C1B852B007DB1CC /* SearchVC.swift */ = {isa = PBXFileReference; lastKnownFileType = sourcecode.swift; path = SearchVC.swift; sourceTree = "<group>"; };
		BE879E872C1B85A8007DB1CC /* FavouritesListVC.swift */ = {isa = PBXFileReference; lastKnownFileType = sourcecode.swift; path = FavouritesListVC.swift; sourceTree = "<group>"; };
		BE879E892C1BA293007DB1CC /* izButton.swift */ = {isa = PBXFileReference; lastKnownFileType = sourcecode.swift; path = izButton.swift; sourceTree = "<group>"; };
		BE879E8B2C1BA5AF007DB1CC /* izTextField.swift */ = {isa = PBXFileReference; lastKnownFileType = sourcecode.swift; path = izTextField.swift; sourceTree = "<group>"; };
		BE879E8D2C1CA759007DB1CC /* FollowerListVC.swift */ = {isa = PBXFileReference; lastKnownFileType = sourcecode.swift; path = FollowerListVC.swift; sourceTree = "<group>"; };
		BE879E8F2C1CB194007DB1CC /* izTitleLabel.swift */ = {isa = PBXFileReference; lastKnownFileType = sourcecode.swift; path = izTitleLabel.swift; sourceTree = "<group>"; };
		BE879E912C1CB2FD007DB1CC /* izBodyLabel.swift */ = {isa = PBXFileReference; lastKnownFileType = sourcecode.swift; path = izBodyLabel.swift; sourceTree = "<group>"; };
		BE879E932C1CB3B3007DB1CC /* izAlertVC.swift */ = {isa = PBXFileReference; lastKnownFileType = sourcecode.swift; path = izAlertVC.swift; sourceTree = "<group>"; };
		BE879E952C1DEA27007DB1CC /* UiViewController+Ext.swift */ = {isa = PBXFileReference; lastKnownFileType = sourcecode.swift; path = "UiViewController+Ext.swift"; sourceTree = "<group>"; };
		BE879E9B2C1DF051007DB1CC /* izAlertContainer.swift */ = {isa = PBXFileReference; lastKnownFileType = sourcecode.swift; path = izAlertContainer.swift; sourceTree = "<group>"; };
		BE879E9E2C1E0614007DB1CC /* Follower.swift */ = {isa = PBXFileReference; lastKnownFileType = sourcecode.swift; path = Follower.swift; sourceTree = "<group>"; };
		BE879EA02C1E074D007DB1CC /* User.swift */ = {isa = PBXFileReference; lastKnownFileType = sourcecode.swift; path = User.swift; sourceTree = "<group>"; };
		BE879EA32C1E0B11007DB1CC /* NetworkManager.swift */ = {isa = PBXFileReference; lastKnownFileType = sourcecode.swift; path = NetworkManager.swift; sourceTree = "<group>"; };
		BE879EA62C1E3B86007DB1CC /* ErrorMessage.swift */ = {isa = PBXFileReference; lastKnownFileType = sourcecode.swift; path = ErrorMessage.swift; sourceTree = "<group>"; };
		BE879F2D2C261DDE007DB1CC /* izFollowerCell.swift */ = {isa = PBXFileReference; lastKnownFileType = sourcecode.swift; path = izFollowerCell.swift; sourceTree = "<group>"; };
		BE879F2F2C261E61007DB1CC /* izAvatarImageView.swift */ = {isa = PBXFileReference; lastKnownFileType = sourcecode.swift; path = izAvatarImageView.swift; sourceTree = "<group>"; };
		BE879F312C274798007DB1CC /* UIHelper.swift */ = {isa = PBXFileReference; lastKnownFileType = sourcecode.swift; path = UIHelper.swift; sourceTree = "<group>"; };
/* End PBXFileReference section */

/* Begin PBXFrameworksBuildPhase section */
		BE879E6B2C1B64BE007DB1CC /* Frameworks */ = {
			isa = PBXFrameworksBuildPhase;
			buildActionMask = 2147483647;
			files = (
			);
			runOnlyForDeploymentPostprocessing = 0;
		};
/* End PBXFrameworksBuildPhase section */

/* Begin PBXGroup section */
		BE879E652C1B64BE007DB1CC = {
			isa = PBXGroup;
			children = (
				BE879E702C1B64BE007DB1CC /* TakeHomePrep */,
				BE879E6F2C1B64BE007DB1CC /* Products */,
			);
			sourceTree = "<group>";
		};
		BE879E6F2C1B64BE007DB1CC /* Products */ = {
			isa = PBXGroup;
			children = (
				BE879E6E2C1B64BE007DB1CC /* TakeHomePrep.app */,
			);
			name = Products;
			sourceTree = "<group>";
		};
		BE879E702C1B64BE007DB1CC /* TakeHomePrep */ = {
			isa = PBXGroup;
			children = (
				BE879EA52C1E3B76007DB1CC /* Utilities */,
				BE879EA22C1E0AF9007DB1CC /* Managers */,
				BE879E9D2C1E0608007DB1CC /* Models */,
				BE879E9A2C1DEDBF007DB1CC /* Support */,
				BE879E992C1DED24007DB1CC /* Extensions */,
				BE879E982C1DECF1007DB1CC /* CustomViews */,
				BE879E972C1DECBB007DB1CC /* Screens */,
			);
			path = TakeHomePrep;
			sourceTree = "<group>";
		};
		BE879E972C1DECBB007DB1CC /* Screens */ = {
			isa = PBXGroup;
			children = (
				BE879E932C1CB3B3007DB1CC /* izAlertVC.swift */,
				BE879E852C1B852B007DB1CC /* SearchVC.swift */,
				BE879E872C1B85A8007DB1CC /* FavouritesListVC.swift */,
				BE879E8D2C1CA759007DB1CC /* FollowerListVC.swift */,
			);
			path = Screens;
			sourceTree = "<group>";
		};
		BE879E982C1DECF1007DB1CC /* CustomViews */ = {
			isa = PBXGroup;
			children = (
				BE879F2C2C261DC2007DB1CC /* Cells */,
				BE879E892C1BA293007DB1CC /* izButton.swift */,
				BE879E8B2C1BA5AF007DB1CC /* izTextField.swift */,
				BE879E8F2C1CB194007DB1CC /* izTitleLabel.swift */,
				BE879E912C1CB2FD007DB1CC /* izBodyLabel.swift */,
				BE879E9B2C1DF051007DB1CC /* izAlertContainer.swift */,
				BE879F2F2C261E61007DB1CC /* izAvatarImageView.swift */,
			);
			path = CustomViews;
			sourceTree = "<group>";
		};
		BE879E992C1DED24007DB1CC /* Extensions */ = {
			isa = PBXGroup;
			children = (
				BE879E952C1DEA27007DB1CC /* UiViewController+Ext.swift */,
			);
			path = Extensions;
			sourceTree = "<group>";
		};
		BE879E9A2C1DEDBF007DB1CC /* Support */ = {
			isa = PBXGroup;
			children = (
				BE879E712C1B64BE007DB1CC /* AppDelegate.swift */,
				BE879E732C1B64BE007DB1CC /* SceneDelegate.swift */,
				BE879E7A2C1B64BF007DB1CC /* Assets.xcassets */,
				BE879E7C2C1B64BF007DB1CC /* LaunchScreen.storyboard */,
				BE879E7F2C1B64BF007DB1CC /* Info.plist */,
			);
			path = Support;
			sourceTree = "<group>";
		};
		BE879E9D2C1E0608007DB1CC /* Models */ = {
			isa = PBXGroup;
			children = (
				BE879E9E2C1E0614007DB1CC /* Follower.swift */,
				BE879EA02C1E074D007DB1CC /* User.swift */,
			);
			path = Models;
			sourceTree = "<group>";
		};
		BE879EA22C1E0AF9007DB1CC /* Managers */ = {
			isa = PBXGroup;
			children = (
				BE879EA32C1E0B11007DB1CC /* NetworkManager.swift */,
			);
			path = Managers;
			sourceTree = "<group>";
		};
		BE879EA52C1E3B76007DB1CC /* Utilities */ = {
			isa = PBXGroup;
			children = (
				BE879EA62C1E3B86007DB1CC /* ErrorMessage.swift */,
				BE879F312C274798007DB1CC /* UIHelper.swift */,
			);
			path = Utilities;
			sourceTree = "<group>";
		};
		BE879F2C2C261DC2007DB1CC /* Cells */ = {
			isa = PBXGroup;
			children = (
				BE879F2D2C261DDE007DB1CC /* izFollowerCell.swift */,
			);
			path = Cells;
			sourceTree = "<group>";
		};
/* End PBXGroup section */

/* Begin PBXNativeTarget section */
		BE879E6D2C1B64BE007DB1CC /* TakeHomePrep */ = {
			isa = PBXNativeTarget;
			buildConfigurationList = BE879E822C1B64BF007DB1CC /* Build configuration list for PBXNativeTarget "TakeHomePrep" */;
			buildPhases = (
				BE879E6A2C1B64BE007DB1CC /* Sources */,
				BE879E6B2C1B64BE007DB1CC /* Frameworks */,
				BE879E6C2C1B64BE007DB1CC /* Resources */,
			);
			buildRules = (
			);
			dependencies = (
			);
			name = TakeHomePrep;
			productName = TakeHomePrep;
			productReference = BE879E6E2C1B64BE007DB1CC /* TakeHomePrep.app */;
			productType = "com.apple.product-type.application";
		};
/* End PBXNativeTarget section */

/* Begin PBXProject section */
		BE879E662C1B64BE007DB1CC /* Project object */ = {
			isa = PBXProject;
			attributes = {
				BuildIndependentTargetsInParallel = 1;
				LastSwiftUpdateCheck = 1540;
				LastUpgradeCheck = 1540;
				TargetAttributes = {
					BE879E6D2C1B64BE007DB1CC = {
						CreatedOnToolsVersion = 15.4;
					};
				};
			};
			buildConfigurationList = BE879E692C1B64BE007DB1CC /* Build configuration list for PBXProject "TakeHomePrep" */;
			compatibilityVersion = "Xcode 14.0";
			developmentRegion = en;
			hasScannedForEncodings = 0;
			knownRegions = (
				en,
				Base,
			);
			mainGroup = BE879E652C1B64BE007DB1CC;
			productRefGroup = BE879E6F2C1B64BE007DB1CC /* Products */;
			projectDirPath = "";
			projectRoot = "";
			targets = (
				BE879E6D2C1B64BE007DB1CC /* TakeHomePrep */,
			);
		};
/* End PBXProject section */

/* Begin PBXResourcesBuildPhase section */
		BE879E6C2C1B64BE007DB1CC /* Resources */ = {
			isa = PBXResourcesBuildPhase;
			buildActionMask = 2147483647;
			files = (
				BE879E7B2C1B64BF007DB1CC /* Assets.xcassets in Resources */,
				BE879E7E2C1B64BF007DB1CC /* Base in Resources */,
			);
			runOnlyForDeploymentPostprocessing = 0;
		};
/* End PBXResourcesBuildPhase section */

/* Begin PBXSourcesBuildPhase section */
		BE879E6A2C1B64BE007DB1CC /* Sources */ = {
			isa = PBXSourcesBuildPhase;
			buildActionMask = 2147483647;
			files = (
				BE879E922C1CB2FD007DB1CC /* izBodyLabel.swift in Sources */,
				BE879E8C2C1BA5AF007DB1CC /* izTextField.swift in Sources */,
				BE879E862C1B852B007DB1CC /* SearchVC.swift in Sources */,
				BE879F2E2C261DDE007DB1CC /* izFollowerCell.swift in Sources */,
				BE879E902C1CB194007DB1CC /* izTitleLabel.swift in Sources */,
				BE879E962C1DEA27007DB1CC /* UiViewController+Ext.swift in Sources */,
				BE879E722C1B64BE007DB1CC /* AppDelegate.swift in Sources */,
				BE879EA12C1E074D007DB1CC /* User.swift in Sources */,
				BE879E882C1B85A8007DB1CC /* FavouritesListVC.swift in Sources */,
				BE879E9F2C1E0614007DB1CC /* Follower.swift in Sources */,
				BE879E942C1CB3B3007DB1CC /* izAlertVC.swift in Sources */,
				BE879E8E2C1CA759007DB1CC /* FollowerListVC.swift in Sources */,
				BE879E8A2C1BA293007DB1CC /* izButton.swift in Sources */,
				BE879EA72C1E3B86007DB1CC /* ErrorMessage.swift in Sources */,
				BE879F302C261E61007DB1CC /* izAvatarImageView.swift in Sources */,
				BE879F322C274798007DB1CC /* UIHelper.swift in Sources */,
				BE879EA42C1E0B11007DB1CC /* NetworkManager.swift in Sources */,
				BE879E742C1B64BE007DB1CC /* SceneDelegate.swift in Sources */,
				BE879E9C2C1DF051007DB1CC /* izAlertContainer.swift in Sources */,
			);
			runOnlyForDeploymentPostprocessing = 0;
		};
/* End PBXSourcesBuildPhase section */

/* Begin PBXVariantGroup section */
		BE879E7C2C1B64BF007DB1CC /* LaunchScreen.storyboard */ = {
			isa = PBXVariantGroup;
			children = (
				BE879E7D2C1B64BF007DB1CC /* Base */,
			);
			name = LaunchScreen.storyboard;
			sourceTree = "<group>";
		};
/* End PBXVariantGroup section */

/* Begin XCBuildConfiguration section */
		BE879E802C1B64BF007DB1CC /* Debug */ = {
			isa = XCBuildConfiguration;
			buildSettings = {
				ALWAYS_SEARCH_USER_PATHS = NO;
				ASSETCATALOG_COMPILER_GENERATE_SWIFT_ASSET_SYMBOL_EXTENSIONS = YES;
				CLANG_ANALYZER_NONNULL = YES;
				CLANG_ANALYZER_NUMBER_OBJECT_CONVERSION = YES_AGGRESSIVE;
				CLANG_CXX_LANGUAGE_STANDARD = "gnu++20";
				CLANG_ENABLE_MODULES = YES;
				CLANG_ENABLE_OBJC_ARC = YES;
				CLANG_ENABLE_OBJC_WEAK = YES;
				CLANG_WARN_BLOCK_CAPTURE_AUTORELEASING = YES;
				CLANG_WARN_BOOL_CONVERSION = YES;
				CLANG_WARN_COMMA = YES;
				CLANG_WARN_CONSTANT_CONVERSION = YES;
				CLANG_WARN_DEPRECATED_OBJC_IMPLEMENTATIONS = YES;
				CLANG_WARN_DIRECT_OBJC_ISA_USAGE = YES_ERROR;
				CLANG_WARN_DOCUMENTATION_COMMENTS = YES;
				CLANG_WARN_EMPTY_BODY = YES;
				CLANG_WARN_ENUM_CONVERSION = YES;
				CLANG_WARN_INFINITE_RECURSION = YES;
				CLANG_WARN_INT_CONVERSION = YES;
				CLANG_WARN_NON_LITERAL_NULL_CONVERSION = YES;
				CLANG_WARN_OBJC_IMPLICIT_RETAIN_SELF = YES;
				CLANG_WARN_OBJC_LITERAL_CONVERSION = YES;
				CLANG_WARN_OBJC_ROOT_CLASS = YES_ERROR;
				CLANG_WARN_QUOTED_INCLUDE_IN_FRAMEWORK_HEADER = YES;
				CLANG_WARN_RANGE_LOOP_ANALYSIS = YES;
				CLANG_WARN_STRICT_PROTOTYPES = YES;
				CLANG_WARN_SUSPICIOUS_MOVE = YES;
				CLANG_WARN_UNGUARDED_AVAILABILITY = YES_AGGRESSIVE;
				CLANG_WARN_UNREACHABLE_CODE = YES;
				CLANG_WARN__DUPLICATE_METHOD_MATCH = YES;
				COPY_PHASE_STRIP = NO;
				DEBUG_INFORMATION_FORMAT = dwarf;
				ENABLE_STRICT_OBJC_MSGSEND = YES;
				ENABLE_TESTABILITY = YES;
				ENABLE_USER_SCRIPT_SANDBOXING = YES;
				GCC_C_LANGUAGE_STANDARD = gnu17;
				GCC_DYNAMIC_NO_PIC = NO;
				GCC_NO_COMMON_BLOCKS = YES;
				GCC_OPTIMIZATION_LEVEL = 0;
				GCC_PREPROCESSOR_DEFINITIONS = (
					"DEBUG=1",
					"$(inherited)",
				);
				GCC_WARN_64_TO_32_BIT_CONVERSION = YES;
				GCC_WARN_ABOUT_RETURN_TYPE = YES_ERROR;
				GCC_WARN_UNDECLARED_SELECTOR = YES;
				GCC_WARN_UNINITIALIZED_AUTOS = YES_AGGRESSIVE;
				GCC_WARN_UNUSED_FUNCTION = YES;
				GCC_WARN_UNUSED_VARIABLE = YES;
				IPHONEOS_DEPLOYMENT_TARGET = 17.5;
				LOCALIZATION_PREFERS_STRING_CATALOGS = YES;
				MTL_ENABLE_DEBUG_INFO = INCLUDE_SOURCE;
				MTL_FAST_MATH = YES;
				ONLY_ACTIVE_ARCH = YES;
				SDKROOT = iphoneos;
				SWIFT_ACTIVE_COMPILATION_CONDITIONS = "DEBUG $(inherited)";
				SWIFT_OPTIMIZATION_LEVEL = "-Onone";
			};
			name = Debug;
		};
		BE879E812C1B64BF007DB1CC /* Release */ = {
			isa = XCBuildConfiguration;
			buildSettings = {
				ALWAYS_SEARCH_USER_PATHS = NO;
				ASSETCATALOG_COMPILER_GENERATE_SWIFT_ASSET_SYMBOL_EXTENSIONS = YES;
				CLANG_ANALYZER_NONNULL = YES;
				CLANG_ANALYZER_NUMBER_OBJECT_CONVERSION = YES_AGGRESSIVE;
				CLANG_CXX_LANGUAGE_STANDARD = "gnu++20";
				CLANG_ENABLE_MODULES = YES;
				CLANG_ENABLE_OBJC_ARC = YES;
				CLANG_ENABLE_OBJC_WEAK = YES;
				CLANG_WARN_BLOCK_CAPTURE_AUTORELEASING = YES;
				CLANG_WARN_BOOL_CONVERSION = YES;
				CLANG_WARN_COMMA = YES;
				CLANG_WARN_CONSTANT_CONVERSION = YES;
				CLANG_WARN_DEPRECATED_OBJC_IMPLEMENTATIONS = YES;
				CLANG_WARN_DIRECT_OBJC_ISA_USAGE = YES_ERROR;
				CLANG_WARN_DOCUMENTATION_COMMENTS = YES;
				CLANG_WARN_EMPTY_BODY = YES;
				CLANG_WARN_ENUM_CONVERSION = YES;
				CLANG_WARN_INFINITE_RECURSION = YES;
				CLANG_WARN_INT_CONVERSION = YES;
				CLANG_WARN_NON_LITERAL_NULL_CONVERSION = YES;
				CLANG_WARN_OBJC_IMPLICIT_RETAIN_SELF = YES;
				CLANG_WARN_OBJC_LITERAL_CONVERSION = YES;
				CLANG_WARN_OBJC_ROOT_CLASS = YES_ERROR;
				CLANG_WARN_QUOTED_INCLUDE_IN_FRAMEWORK_HEADER = YES;
				CLANG_WARN_RANGE_LOOP_ANALYSIS = YES;
				CLANG_WARN_STRICT_PROTOTYPES = YES;
				CLANG_WARN_SUSPICIOUS_MOVE = YES;
				CLANG_WARN_UNGUARDED_AVAILABILITY = YES_AGGRESSIVE;
				CLANG_WARN_UNREACHABLE_CODE = YES;
				CLANG_WARN__DUPLICATE_METHOD_MATCH = YES;
				COPY_PHASE_STRIP = NO;
				DEBUG_INFORMATION_FORMAT = "dwarf-with-dsym";
				ENABLE_NS_ASSERTIONS = NO;
				ENABLE_STRICT_OBJC_MSGSEND = YES;
				ENABLE_USER_SCRIPT_SANDBOXING = YES;
				GCC_C_LANGUAGE_STANDARD = gnu17;
				GCC_NO_COMMON_BLOCKS = YES;
				GCC_WARN_64_TO_32_BIT_CONVERSION = YES;
				GCC_WARN_ABOUT_RETURN_TYPE = YES_ERROR;
				GCC_WARN_UNDECLARED_SELECTOR = YES;
				GCC_WARN_UNINITIALIZED_AUTOS = YES_AGGRESSIVE;
				GCC_WARN_UNUSED_FUNCTION = YES;
				GCC_WARN_UNUSED_VARIABLE = YES;
				IPHONEOS_DEPLOYMENT_TARGET = 17.5;
				LOCALIZATION_PREFERS_STRING_CATALOGS = YES;
				MTL_ENABLE_DEBUG_INFO = NO;
				MTL_FAST_MATH = YES;
				SDKROOT = iphoneos;
				SWIFT_COMPILATION_MODE = wholemodule;
				VALIDATE_PRODUCT = YES;
			};
			name = Release;
		};
		BE879E832C1B64BF007DB1CC /* Debug */ = {
			isa = XCBuildConfiguration;
			buildSettings = {
				ASSETCATALOG_COMPILER_APPICON_NAME = AppIcon;
				ASSETCATALOG_COMPILER_GLOBAL_ACCENT_COLOR_NAME = AccentColor;
				CODE_SIGN_STYLE = Automatic;
				CURRENT_PROJECT_VERSION = 1;
				DEVELOPMENT_TEAM = L53JAARJ67;
				GENERATE_INFOPLIST_FILE = YES;
				INFOPLIST_FILE = TakeHomePrep/Support/Info.plist;
				INFOPLIST_KEY_UIApplicationSupportsIndirectInputEvents = YES;
				INFOPLIST_KEY_UILaunchStoryboardName = LaunchScreen;
				INFOPLIST_KEY_UISupportedInterfaceOrientations = UIInterfaceOrientationPortrait;
				IPHONEOS_DEPLOYMENT_TARGET = 15.0;
				LD_RUNPATH_SEARCH_PATHS = (
					"$(inherited)",
					"@executable_path/Frameworks",
				);
				MARKETING_VERSION = 1.0;
				PRODUCT_BUNDLE_IDENTIFIER = iz.TakeHomePrep;
				PRODUCT_NAME = "$(TARGET_NAME)";
				SUPPORTED_PLATFORMS = "iphoneos iphonesimulator";
				SUPPORTS_MACCATALYST = NO;
				SUPPORTS_MAC_DESIGNED_FOR_IPHONE_IPAD = NO;
				SUPPORTS_XR_DESIGNED_FOR_IPHONE_IPAD = NO;
				SWIFT_EMIT_LOC_STRINGS = YES;
				SWIFT_VERSION = 5.0;
				TARGETED_DEVICE_FAMILY = 1;
			};
			name = Debug;
		};
		BE879E842C1B64BF007DB1CC /* Release */ = {
			isa = XCBuildConfiguration;
			buildSettings = {
				ASSETCATALOG_COMPILER_APPICON_NAME = AppIcon;
				ASSETCATALOG_COMPILER_GLOBAL_ACCENT_COLOR_NAME = AccentColor;
				CODE_SIGN_STYLE = Automatic;
				CURRENT_PROJECT_VERSION = 1;
				DEVELOPMENT_TEAM = L53JAARJ67;
				GENERATE_INFOPLIST_FILE = YES;
				INFOPLIST_FILE = TakeHomePrep/Support/Info.plist;
				INFOPLIST_KEY_UIApplicationSupportsIndirectInputEvents = YES;
				INFOPLIST_KEY_UILaunchStoryboardName = LaunchScreen;
				INFOPLIST_KEY_UISupportedInterfaceOrientations = UIInterfaceOrientationPortrait;
				IPHONEOS_DEPLOYMENT_TARGET = 15.0;
				LD_RUNPATH_SEARCH_PATHS = (
					"$(inherited)",
					"@executable_path/Frameworks",
				);
				MARKETING_VERSION = 1.0;
				PRODUCT_BUNDLE_IDENTIFIER = iz.TakeHomePrep;
				PRODUCT_NAME = "$(TARGET_NAME)";
				SUPPORTED_PLATFORMS = "iphoneos iphonesimulator";
				SUPPORTS_MACCATALYST = NO;
				SUPPORTS_MAC_DESIGNED_FOR_IPHONE_IPAD = NO;
				SUPPORTS_XR_DESIGNED_FOR_IPHONE_IPAD = NO;
				SWIFT_EMIT_LOC_STRINGS = YES;
				SWIFT_VERSION = 5.0;
				TARGETED_DEVICE_FAMILY = 1;
			};
			name = Release;
		};
/* End XCBuildConfiguration section */

/* Begin XCConfigurationList section */
		BE879E692C1B64BE007DB1CC /* Build configuration list for PBXProject "TakeHomePrep" */ = {
			isa = XCConfigurationList;
			buildConfigurations = (
				BE879E802C1B64BF007DB1CC /* Debug */,
				BE879E812C1B64BF007DB1CC /* Release */,
			);
			defaultConfigurationIsVisible = 0;
			defaultConfigurationName = Release;
		};
		BE879E822C1B64BF007DB1CC /* Build configuration list for PBXNativeTarget "TakeHomePrep" */ = {
			isa = XCConfigurationList;
			buildConfigurations = (
				BE879E832C1B64BF007DB1CC /* Debug */,
				BE879E842C1B64BF007DB1CC /* Release */,
			);
			defaultConfigurationIsVisible = 0;
			defaultConfigurationName = Release;
		};
/* End XCConfigurationList section */
	};
	rootObject = BE879E662C1B64BE007DB1CC /* Project object */;
}
